
Microsoft Visual Studio Solution File, Format Version 12.00
# Visual Studio Version 16
VisualStudioVersion = 16.0.29709.97
MinimumVisualStudioVersion = 10.0.40219.1
Project("{FAE04EC0-301F-11D3-BF4B-00C04F79EFBC}") = "maslab1", "maslab1\maslab1.csproj", "{ADD287DE-6ECC-4E00-A347-D17B2AC029C9}"
EndProject
Global
	GlobalSection(SolutionConfigurationPlatforms) = preSolution
		Debug|Any CPU = Debug|Any CPU
		Release|Any CPU = Release|Any CPU
	EndGlobalSection
	GlobalSection(ProjectConfigurationPlatforms) = postSolution
		{ADD287DE-6ECC-4E00-A347-D17B2AC029C9}.Debug|Any CPU.ActiveCfg = Debug|Any CPU
		{ADD287DE-6ECC-4E00-A347-D17B2AC029C9}.Debug|Any CPU.Build.0 = Debug|Any CPU
		{ADD287DE-6ECC-4E00-A347-D17B2AC029C9}.Release|Any CPU.ActiveCfg = Release|Any CPU
		{ADD287DE-6ECC-4E00-A347-D17B2AC029C9}.Release|Any CPU.Build.0 = Release|Any CPU
	EndGlobalSection
	GlobalSection(SolutionProperties) = preSolution
		HideSolutionNode = FALSE
	EndGlobalSection
	GlobalSection(ExtensibilityGlobals) = postSolution
		SolutionGuid = {589BD57C-4E48-4086-99A7-FFEE479B9066}
	EndGlobalSection
EndGlobal
